
Microsoft Visual Studio Solution File, Format Version 12.00
Project("{FAE04EC0-301F-11D3-BF4B-00C04F79EFBC}") = "OktaAuthSample", "OktaAuthSample\OktaAuthSample.csproj", "{D70136D5-4728-4732-8D4F-6FB32CA98F96}"
EndProject
Global
	GlobalSection(SolutionConfigurationPlatforms) = preSolution
		Debug|Any CPU = Debug|Any CPU
		Release|Any CPU = Release|Any CPU
	EndGlobalSection
	GlobalSection(ProjectConfigurationPlatforms) = postSolution
		{D70136D5-4728-4732-8D4F-6FB32CA98F96}.Debug|Any CPU.ActiveCfg = Debug|Any CPU
		{D70136D5-4728-4732-8D4F-6FB32CA98F96}.Debug|Any CPU.Build.0 = Debug|Any CPU
		{D70136D5-4728-4732-8D4F-6FB32CA98F96}.Release|Any CPU.ActiveCfg = Release|Any CPU
		{D70136D5-4728-4732-8D4F-6FB32CA98F96}.Release|Any CPU.Build.0 = Release|Any CPU
	EndGlobalSection
EndGlobal
